// !$*UTF8*$!
{
	archiveVersion = 1;
	classes = {
	};
	objectVersion = 50;
	objects = {

/* Begin PBXBuildFile section */
		5879DBA120A1916E009E90CE /* AppDelegate.m in Sources */ = {isa = PBXBuildFile; fileRef = 5879DBA020A1916E009E90CE /* AppDelegate.m */; };
		5879DBA420A1916E009E90CE /* ViewController.m in Sources */ = {isa = PBXBuildFile; fileRef = 5879DBA320A1916E009E90CE /* ViewController.m */; };
		5879DBA720A1916E009E90CE /* Main.storyboard in Resources */ = {isa = PBXBuildFile; fileRef = 5879DBA520A1916E009E90CE /* Main.storyboard */; };
		5879DBA920A1916E009E90CE /* Assets.xcassets in Resources */ = {isa = PBXBuildFile; fileRef = 5879DBA820A1916E009E90CE /* Assets.xcassets */; };
		5879DBAC20A1916E009E90CE /* LaunchScreen.storyboard in Resources */ = {isa = PBXBuildFile; fileRef = 5879DBAA20A1916E009E90CE /* LaunchScreen.storyboard */; };
		5879DBAF20A1916E009E90CE /* main.m in Sources */ = {isa = PBXBuildFile; fileRef = 5879DBAE20A1916E009E90CE /* main.m */; };
		5879DBB820A195D0009E90CE /* UIImage+LVManager.m in Sources */ = {isa = PBXBuildFile; fileRef = 5879DBB720A195D0009E90CE /* UIImage+LVManager.m */; };
		5879DBBB20A1AFAE009E90CE /* UIView+LVShot.m in Sources */ = {isa = PBXBuildFile; fileRef = 5879DBBA20A1AFAE009E90CE /* UIView+LVShot.m */; };
		5879DBBE20A1F069009E90CE /* WKWebView+LVShot.m in Sources */ = {isa = PBXBuildFile; fileRef = 5879DBBD20A1F069009E90CE /* WKWebView+LVShot.m */; };
		5879DBC120A1FF12009E90CE /* UIScrollView+LVShot.m in Sources */ = {isa = PBXBuildFile; fileRef = 5879DBC020A1FF12009E90CE /* UIScrollView+LVShot.m */; };
		5879DBC520A2059D009E90CE /* ViewShotViewController.m in Sources */ = {isa = PBXBuildFile; fileRef = 5879DBC420A2059D009E90CE /* ViewShotViewController.m */; };
		5879DBC820A205AA009E90CE /* ScrollViewShotViewController.m in Sources */ = {isa = PBXBuildFile; fileRef = 5879DBC720A205AA009E90CE /* ScrollViewShotViewController.m */; };
		5879DBCB20A205B4009E90CE /* WebViewShotViewController.m in Sources */ = {isa = PBXBuildFile; fileRef = 5879DBCA20A205B4009E90CE /* WebViewShotViewController.m */; };
		5879DBCE20A205C5009E90CE /* WKWebViewShotVC.m in Sources */ = {isa = PBXBuildFile; fileRef = 5879DBCD20A205C5009E90CE /* WKWebViewShotVC.m */; };
		5879DBD120A205D2009E90CE /* ImageComposeVC.m in Sources */ = {isa = PBXBuildFile; fileRef = 5879DBD020A205D2009E90CE /* ImageComposeVC.m */; };
		5879DBD420A205DE009E90CE /* ShotImageViewVC.m in Sources */ = {isa = PBXBuildFile; fileRef = 5879DBD320A205DE009E90CE /* ShotImageViewVC.m */; };
		5879DBD720A205EB009E90CE /* ClearImageViewVC.m in Sources */ = {isa = PBXBuildFile; fileRef = 5879DBD620A205EB009E90CE /* ClearImageViewVC.m */; };
		5879DBDA20A205F6009E90CE /* ImageFilterVC.m in Sources */ = {isa = PBXBuildFile; fileRef = 5879DBD920A205F6009E90CE /* ImageFilterVC.m */; };
		5879DBDD20A20600009E90CE /* SeniorImageFilter.m in Sources */ = {isa = PBXBuildFile; fileRef = 5879DBDC20A20600009E90CE /* SeniorImageFilter.m */; };
/* End PBXBuildFile section */

/* Begin PBXFileReference section */
		5879DB9C20A1916E009E90CE /* LVShotScreenDemo.app */ = {isa = PBXFileReference; explicitFileType = wrapper.application; includeInIndex = 0; path = LVShotScreenDemo.app; sourceTree = BUILT_PRODUCTS_DIR; };
		5879DB9F20A1916E009E90CE /* AppDelegate.h */ = {isa = PBXFileReference; lastKnownFileType = sourcecode.c.h; path = AppDelegate.h; sourceTree = "<group>"; };
		5879DBA020A1916E009E90CE /* AppDelegate.m */ = {isa = PBXFileReference; lastKnownFileType = sourcecode.c.objc; path = AppDelegate.m; sourceTree = "<group>"; };
		5879DBA220A1916E009E90CE /* ViewController.h */ = {isa = PBXFileReference; lastKnownFileType = sourcecode.c.h; path = ViewController.h; sourceTree = "<group>"; };
		5879DBA320A1916E009E90CE /* ViewController.m */ = {isa = PBXFileReference; lastKnownFileType = sourcecode.c.objc; path = ViewController.m; sourceTree = "<group>"; };
		5879DBA620A1916E009E90CE /* Base */ = {isa = PBXFileReference; lastKnownFileType = file.storyboard; name = Base; path = Base.lproj/Main.storyboard; sourceTree = "<group>"; };
		5879DBA820A1916E009E90CE /* Assets.xcassets */ = {isa = PBXFileReference; lastKnownFileType = folder.assetcatalog; path = Assets.xcassets; sourceTree = "<group>"; };
		5879DBAB20A1916E009E90CE /* Base */ = {isa = PBXFileReference; lastKnownFileType = file.storyboard; name = Base; path = Base.lproj/LaunchScreen.storyboard; sourceTree = "<group>"; };
		5879DBAD20A1916E009E90CE /* Info.plist */ = {isa = PBXFileReference; lastKnownFileType = text.plist.xml; path = Info.plist; sourceTree = "<group>"; };
		5879DBAE20A1916E009E90CE /* main.m */ = {isa = PBXFileReference; lastKnownFileType = sourcecode.c.objc; path = main.m; sourceTree = "<group>"; };
		5879DBB620A195D0009E90CE /* UIImage+LVManager.h */ = {isa = PBXFileReference; lastKnownFileType = sourcecode.c.h; path = "UIImage+LVManager.h"; sourceTree = "<group>"; };
		5879DBB720A195D0009E90CE /* UIImage+LVManager.m */ = {isa = PBXFileReference; lastKnownFileType = sourcecode.c.objc; path = "UIImage+LVManager.m"; sourceTree = "<group>"; };
		5879DBB920A1AFAE009E90CE /* UIView+LVShot.h */ = {isa = PBXFileReference; lastKnownFileType = sourcecode.c.h; path = "UIView+LVShot.h"; sourceTree = "<group>"; };
		5879DBBA20A1AFAE009E90CE /* UIView+LVShot.m */ = {isa = PBXFileReference; lastKnownFileType = sourcecode.c.objc; path = "UIView+LVShot.m"; sourceTree = "<group>"; };
		5879DBBC20A1F069009E90CE /* WKWebView+LVShot.h */ = {isa = PBXFileReference; lastKnownFileType = sourcecode.c.h; path = "WKWebView+LVShot.h"; sourceTree = "<group>"; };
		5879DBBD20A1F069009E90CE /* WKWebView+LVShot.m */ = {isa = PBXFileReference; lastKnownFileType = sourcecode.c.objc; path = "WKWebView+LVShot.m"; sourceTree = "<group>"; };
		5879DBBF20A1FF12009E90CE /* UIScrollView+LVShot.h */ = {isa = PBXFileReference; lastKnownFileType = sourcecode.c.h; path = "UIScrollView+LVShot.h"; sourceTree = "<group>"; };
		5879DBC020A1FF12009E90CE /* UIScrollView+LVShot.m */ = {isa = PBXFileReference; lastKnownFileType = sourcecode.c.objc; path = "UIScrollView+LVShot.m"; sourceTree = "<group>"; };
		5879DBC320A2059D009E90CE /* ViewShotViewController.h */ = {isa = PBXFileReference; lastKnownFileType = sourcecode.c.h; path = ViewShotViewController.h; sourceTree = "<group>"; };
		5879DBC420A2059D009E90CE /* ViewShotViewController.m */ = {isa = PBXFileReference; lastKnownFileType = sourcecode.c.objc; path = ViewShotViewController.m; sourceTree = "<group>"; };
		5879DBC620A205AA009E90CE /* ScrollViewShotViewController.h */ = {isa = PBXFileReference; lastKnownFileType = sourcecode.c.h; path = ScrollViewShotViewController.h; sourceTree = "<group>"; };
		5879DBC720A205AA009E90CE /* ScrollViewShotViewController.m */ = {isa = PBXFileReference; lastKnownFileType = sourcecode.c.objc; path = ScrollViewShotViewController.m; sourceTree = "<group>"; };
		5879DBC920A205B4009E90CE /* WebViewShotViewController.h */ = {isa = PBXFileReference; lastKnownFileType = sourcecode.c.h; path = WebViewShotViewController.h; sourceTree = "<group>"; };
		5879DBCA20A205B4009E90CE /* WebViewShotViewController.m */ = {isa = PBXFileReference; lastKnownFileType = sourcecode.c.objc; path = WebViewShotViewController.m; sourceTree = "<group>"; };
		5879DBCC20A205C5009E90CE /* WKWebViewShotVC.h */ = {isa = PBXFileReference; lastKnownFileType = sourcecode.c.h; path = WKWebViewShotVC.h; sourceTree = "<group>"; };
		5879DBCD20A205C5009E90CE /* WKWebViewShotVC.m */ = {isa = PBXFileReference; lastKnownFileType = sourcecode.c.objc; path = WKWebViewShotVC.m; sourceTree = "<group>"; };
		5879DBCF20A205D2009E90CE /* ImageComposeVC.h */ = {isa = PBXFileReference; lastKnownFileType = sourcecode.c.h; path = ImageComposeVC.h; sourceTree = "<group>"; };
		5879DBD020A205D2009E90CE /* ImageComposeVC.m */ = {isa = PBXFileReference; lastKnownFileType = sourcecode.c.objc; path = ImageComposeVC.m; sourceTree = "<group>"; };
		5879DBD220A205DE009E90CE /* ShotImageViewVC.h */ = {isa = PBXFileReference; lastKnownFileType = sourcecode.c.h; path = ShotImageViewVC.h; sourceTree = "<group>"; };
		5879DBD320A205DE009E90CE /* ShotImageViewVC.m */ = {isa = PBXFileReference; lastKnownFileType = sourcecode.c.objc; path = ShotImageViewVC.m; sourceTree = "<group>"; };
		5879DBD520A205EB009E90CE /* ClearImageViewVC.h */ = {isa = PBXFileReference; lastKnownFileType = sourcecode.c.h; path = ClearImageViewVC.h; sourceTree = "<group>"; };
		5879DBD620A205EB009E90CE /* ClearImageViewVC.m */ = {isa = PBXFileReference; lastKnownFileType = sourcecode.c.objc; path = ClearImageViewVC.m; sourceTree = "<group>"; };
		5879DBD820A205F6009E90CE /* ImageFilterVC.h */ = {isa = PBXFileReference; lastKnownFileType = sourcecode.c.h; path = ImageFilterVC.h; sourceTree = "<group>"; };
		5879DBD920A205F6009E90CE /* ImageFilterVC.m */ = {isa = PBXFileReference; lastKnownFileType = sourcecode.c.objc; path = ImageFilterVC.m; sourceTree = "<group>"; };
		5879DBDB20A20600009E90CE /* SeniorImageFilter.h */ = {isa = PBXFileReference; lastKnownFileType = sourcecode.c.h; path = SeniorImageFilter.h; sourceTree = "<group>"; };
		5879DBDC20A20600009E90CE /* SeniorImageFilter.m */ = {isa = PBXFileReference; lastKnownFileType = sourcecode.c.objc; path = SeniorImageFilter.m; sourceTree = "<group>"; };
/* End PBXFileReference section */

/* Begin PBXFrameworksBuildPhase section */
		5879DB9920A1916E009E90CE /* Frameworks */ = {
			isa = PBXFrameworksBuildPhase;
			buildActionMask = 2147483647;
			files = (
			);
			runOnlyForDeploymentPostprocessing = 0;
		};
/* End PBXFrameworksBuildPhase section */

/* Begin PBXGroup section */
		5879DB9320A1916E009E90CE = {
			isa = PBXGroup;
			children = (
				5879DB9E20A1916E009E90CE /* LVShotScreenDemo */,
				5879DB9D20A1916E009E90CE /* Products */,
			);
			sourceTree = "<group>";
		};
		5879DB9D20A1916E009E90CE /* Products */ = {
			isa = PBXGroup;
			children = (
				5879DB9C20A1916E009E90CE /* LVShotScreenDemo.app */,
			);
			name = Products;
			sourceTree = "<group>";
		};
		5879DB9E20A1916E009E90CE /* LVShotScreenDemo */ = {
			isa = PBXGroup;
			children = (
				5879DBB520A195A4009E90CE /* LVScreenShot */,
				5879DB9F20A1916E009E90CE /* AppDelegate.h */,
				5879DBA020A1916E009E90CE /* AppDelegate.m */,
				5879DBA220A1916E009E90CE /* ViewController.h */,
				5879DBA320A1916E009E90CE /* ViewController.m */,
				5879DBC220A20539009E90CE /* Examples */,
				5879DBA520A1916E009E90CE /* Main.storyboard */,
				5879DBA820A1916E009E90CE /* Assets.xcassets */,
				5879DBAA20A1916E009E90CE /* LaunchScreen.storyboard */,
				5879DBAD20A1916E009E90CE /* Info.plist */,
				5879DBAE20A1916E009E90CE /* main.m */,
			);
			path = LVShotScreenDemo;
			sourceTree = "<group>";
		};
		5879DBB520A195A4009E90CE /* LVScreenShot */ = {
			isa = PBXGroup;
			children = (
				5879DBB620A195D0009E90CE /* UIImage+LVManager.h */,
				5879DBB720A195D0009E90CE /* UIImage+LVManager.m */,
				5879DBB920A1AFAE009E90CE /* UIView+LVShot.h */,
				5879DBBA20A1AFAE009E90CE /* UIView+LVShot.m */,
				5879DBBC20A1F069009E90CE /* WKWebView+LVShot.h */,
				5879DBBD20A1F069009E90CE /* WKWebView+LVShot.m */,
				5879DBBF20A1FF12009E90CE /* UIScrollView+LVShot.h */,
				5879DBC020A1FF12009E90CE /* UIScrollView+LVShot.m */,
			);
			path = LVScreenShot;
			sourceTree = "<group>";
		};
		5879DBC220A20539009E90CE /* Examples */ = {
			isa = PBXGroup;
			children = (
				5879DBC320A2059D009E90CE /* ViewShotViewController.h */,
				5879DBC420A2059D009E90CE /* ViewShotViewController.m */,
				5879DBC620A205AA009E90CE /* ScrollViewShotViewController.h */,
				5879DBC720A205AA009E90CE /* ScrollViewShotViewController.m */,
				5879DBC920A205B4009E90CE /* WebViewShotViewController.h */,
				5879DBCA20A205B4009E90CE /* WebViewShotViewController.m */,
				5879DBCC20A205C5009E90CE /* WKWebViewShotVC.h */,
				5879DBCD20A205C5009E90CE /* WKWebViewShotVC.m */,
				5879DBCF20A205D2009E90CE /* ImageComposeVC.h */,
				5879DBD020A205D2009E90CE /* ImageComposeVC.m */,
				5879DBD220A205DE009E90CE /* ShotImageViewVC.h */,
				5879DBD320A205DE009E90CE /* ShotImageViewVC.m */,
				5879DBD520A205EB009E90CE /* ClearImageViewVC.h */,
				5879DBD620A205EB009E90CE /* ClearImageViewVC.m */,
				5879DBD820A205F6009E90CE /* ImageFilterVC.h */,
				5879DBD920A205F6009E90CE /* ImageFilterVC.m */,
				5879DBDB20A20600009E90CE /* SeniorImageFilter.h */,
				5879DBDC20A20600009E90CE /* SeniorImageFilter.m */,
			);
			path = Examples;
			sourceTree = "<group>";
		};
/* End PBXGroup section */

/* Begin PBXNativeTarget section */
		5879DB9B20A1916E009E90CE /* LVShotScreenDemo */ = {
			isa = PBXNativeTarget;
			buildConfigurationList = 5879DBB220A1916E009E90CE /* Build configuration list for PBXNativeTarget "LVShotScreenDemo" */;
			buildPhases = (
				5879DB9820A1916E009E90CE /* Sources */,
				5879DB9920A1916E009E90CE /* Frameworks */,
				5879DB9A20A1916E009E90CE /* Resources */,
			);
			buildRules = (
			);
			dependencies = (
			);
			name = LVShotScreenDemo;
			productName = LVShotScreenDemo;
			productReference = 5879DB9C20A1916E009E90CE /* LVShotScreenDemo.app */;
			productType = "com.apple.product-type.application";
		};
/* End PBXNativeTarget section */

/* Begin PBXProject section */
		5879DB9420A1916E009E90CE /* Project object */ = {
			isa = PBXProject;
			attributes = {
				LastUpgradeCheck = 0930;
				ORGANIZATIONNAME = LV;
				TargetAttributes = {
					5879DB9B20A1916E009E90CE = {
						CreatedOnToolsVersion = 9.3;
					};
				};
			};
			buildConfigurationList = 5879DB9720A1916E009E90CE /* Build configuration list for PBXProject "LVShotScreenDemo" */;
			compatibilityVersion = "Xcode 9.3";
			developmentRegion = en;
			hasScannedForEncodings = 0;
			knownRegions = (
				en,
				Base,
			);
			mainGroup = 5879DB9320A1916E009E90CE;
			productRefGroup = 5879DB9D20A1916E009E90CE /* Products */;
			projectDirPath = "";
			projectRoot = "";
			targets = (
				5879DB9B20A1916E009E90CE /* LVShotScreenDemo */,
			);
		};
/* End PBXProject section */

/* Begin PBXResourcesBuildPhase section */
		5879DB9A20A1916E009E90CE /* Resources */ = {
			isa = PBXResourcesBuildPhase;
			buildActionMask = 2147483647;
			files = (
				5879DBAC20A1916E009E90CE /* LaunchScreen.storyboard in Resources */,
				5879DBA920A1916E009E90CE /* Assets.xcassets in Resources */,
				5879DBA720A1916E009E90CE /* Main.storyboard in Resources */,
			);
			runOnlyForDeploymentPostprocessing = 0;
		};
/* End PBXResourcesBuildPhase section */

/* Begin PBXSourcesBuildPhase section */
		5879DB9820A1916E009E90CE /* Sources */ = {
			isa = PBXSourcesBuildPhase;
			buildActionMask = 2147483647;
			files = (
				5879DBA420A1916E009E90CE /* ViewController.m in Sources */,
				5879DBD420A205DE009E90CE /* ShotImageViewVC.m in Sources */,
				5879DBAF20A1916E009E90CE /* main.m in Sources */,
				5879DBC120A1FF12009E90CE /* UIScrollView+LVShot.m in Sources */,
				5879DBC820A205AA009E90CE /* ScrollViewShotViewController.m in Sources */,
				5879DBCE20A205C5009E90CE /* WKWebViewShotVC.m in Sources */,
				5879DBD120A205D2009E90CE /* ImageComposeVC.m in Sources */,
				5879DBDD20A20600009E90CE /* SeniorImageFilter.m in Sources */,
				5879DBDA20A205F6009E90CE /* ImageFilterVC.m in Sources */,
				5879DBC520A2059D009E90CE /* ViewShotViewController.m in Sources */,
				5879DBA120A1916E009E90CE /* AppDelegate.m in Sources */,
				5879DBCB20A205B4009E90CE /* WebViewShotViewController.m in Sources */,
				5879DBB820A195D0009E90CE /* UIImage+LVManager.m in Sources */,
				5879DBD720A205EB009E90CE /* ClearImageViewVC.m in Sources */,
				5879DBBB20A1AFAE009E90CE /* UIView+LVShot.m in Sources */,
				5879DBBE20A1F069009E90CE /* WKWebView+LVShot.m in Sources */,
			);
			runOnlyForDeploymentPostprocessing = 0;
		};
/* End PBXSourcesBuildPhase section */

/* Begin PBXVariantGroup section */
		5879DBA520A1916E009E90CE /* Main.storyboard */ = {
			isa = PBXVariantGroup;
			children = (
				5879DBA620A1916E009E90CE /* Base */,
			);
			name = Main.storyboard;
			sourceTree = "<group>";
		};
		5879DBAA20A1916E009E90CE /* LaunchScreen.storyboard */ = {
			isa = PBXVariantGroup;
			children = (
				5879DBAB20A1916E009E90CE /* Base */,
			);
			name = LaunchScreen.storyboard;
			sourceTree = "<group>";
		};
/* End PBXVariantGroup section */

/* Begin XCBuildConfiguration section */
		5879DBB020A1916E009E90CE /* Debug */ = {
			isa = XCBuildConfiguration;
			buildSettings = {
				ALWAYS_SEARCH_USER_PATHS = NO;
				CLANG_ANALYZER_NONNULL = YES;
				CLANG_ANALYZER_NUMBER_OBJECT_CONVERSION = YES_AGGRESSIVE;
				CLANG_CXX_LANGUAGE_STANDARD = "gnu++14";
				CLANG_CXX_LIBRARY = "libc++";
				CLANG_ENABLE_MODULES = YES;
				CLANG_ENABLE_OBJC_ARC = YES;
				CLANG_ENABLE_OBJC_WEAK = YES;
				CLANG_WARN_BLOCK_CAPTURE_AUTORELEASING = YES;
				CLANG_WARN_BOOL_CONVERSION = YES;
				CLANG_WARN_COMMA = YES;
				CLANG_WARN_CONSTANT_CONVERSION = YES;
				CLANG_WARN_DEPRECATED_OBJC_IMPLEMENTATIONS = YES;
				CLANG_WARN_DIRECT_OBJC_ISA_USAGE = YES_ERROR;
				CLANG_WARN_DOCUMENTATION_COMMENTS = YES;
				CLANG_WARN_EMPTY_BODY = YES;
				CLANG_WARN_ENUM_CONVERSION = YES;
				CLANG_WARN_INFINITE_RECURSION = YES;
				CLANG_WARN_INT_CONVERSION = YES;
				CLANG_WARN_NON_LITERAL_NULL_CONVERSION = YES;
				CLANG_WARN_OBJC_IMPLICIT_RETAIN_SELF = YES;
				CLANG_WARN_OBJC_LITERAL_CONVERSION = YES;
				CLANG_WARN_OBJC_ROOT_CLASS = YES_ERROR;
				CLANG_WARN_RANGE_LOOP_ANALYSIS = YES;
				CLANG_WARN_STRICT_PROTOTYPES = YES;
				CLANG_WARN_SUSPICIOUS_MOVE = YES;
				CLANG_WARN_UNGUARDED_AVAILABILITY = YES_AGGRESSIVE;
				CLANG_WARN_UNREACHABLE_CODE = YES;
				CLANG_WARN__DUPLICATE_METHOD_MATCH = YES;
				CODE_SIGN_IDENTITY = "iPhone Developer";
				COPY_PHASE_STRIP = NO;
				DEBUG_INFORMATION_FORMAT = dwarf;
				ENABLE_STRICT_OBJC_MSGSEND = YES;
				ENABLE_TESTABILITY = YES;
				GCC_C_LANGUAGE_STANDARD = gnu11;
				GCC_DYNAMIC_NO_PIC = NO;
				GCC_NO_COMMON_BLOCKS = YES;
				GCC_OPTIMIZATION_LEVEL = 0;
				GCC_PREPROCESSOR_DEFINITIONS = (
					"DEBUG=1",
					"$(inherited)",
				);
				GCC_WARN_64_TO_32_BIT_CONVERSION = YES;
				GCC_WARN_ABOUT_RETURN_TYPE = YES_ERROR;
				GCC_WARN_UNDECLARED_SELECTOR = YES;
				GCC_WARN_UNINITIALIZED_AUTOS = YES_AGGRESSIVE;
				GCC_WARN_UNUSED_FUNCTION = YES;
				GCC_WARN_UNUSED_VARIABLE = YES;
				IPHONEOS_DEPLOYMENT_TARGET = 11.3;
				MTL_ENABLE_DEBUG_INFO = YES;
				ONLY_ACTIVE_ARCH = YES;
				SDKROOT = iphoneos;
			};
			name = Debug;
		};
		5879DBB120A1916E009E90CE /* Release */ = {
			isa = XCBuildConfiguration;
			buildSettings = {
				ALWAYS_SEARCH_USER_PATHS = NO;
				CLANG_ANALYZER_NONNULL = YES;
				CLANG_ANALYZER_NUMBER_OBJECT_CONVERSION = YES_AGGRESSIVE;
				CLANG_CXX_LANGUAGE_STANDARD = "gnu++14";
				CLANG_CXX_LIBRARY = "libc++";
				CLANG_ENABLE_MODULES = YES;
				CLANG_ENABLE_OBJC_ARC = YES;
				CLANG_ENABLE_OBJC_WEAK = YES;
				CLANG_WARN_BLOCK_CAPTURE_AUTORELEASING = YES;
				CLANG_WARN_BOOL_CONVERSION = YES;
				CLANG_WARN_COMMA = YES;
				CLANG_WARN_CONSTANT_CONVERSION = YES;
				CLANG_WARN_DEPRECATED_OBJC_IMPLEMENTATIONS = YES;
				CLANG_WARN_DIRECT_OBJC_ISA_USAGE = YES_ERROR;
				CLANG_WARN_DOCUMENTATION_COMMENTS = YES;
				CLANG_WARN_EMPTY_BODY = YES;
				CLANG_WARN_ENUM_CONVERSION = YES;
				CLANG_WARN_INFINITE_RECURSION = YES;
				CLANG_WARN_INT_CONVERSION = YES;
				CLANG_WARN_NON_LITERAL_NULL_CONVERSION = YES;
				CLANG_WARN_OBJC_IMPLICIT_RETAIN_SELF = YES;
				CLANG_WARN_OBJC_LITERAL_CONVERSION = YES;
				CLANG_WARN_OBJC_ROOT_CLASS = YES_ERROR;
				CLANG_WARN_RANGE_LOOP_ANALYSIS = YES;
				CLANG_WARN_STRICT_PROTOTYPES = YES;
				CLANG_WARN_SUSPICIOUS_MOVE = YES;
				CLANG_WARN_UNGUARDED_AVAILABILITY = YES_AGGRESSIVE;
				CLANG_WARN_UNREACHABLE_CODE = YES;
				CLANG_WARN__DUPLICATE_METHOD_MATCH = YES;
				CODE_SIGN_IDENTITY = "iPhone Developer";
				COPY_PHASE_STRIP = NO;
				DEBUG_INFORMATION_FORMAT = "dwarf-with-dsym";
				ENABLE_NS_ASSERTIONS = NO;
				ENABLE_STRICT_OBJC_MSGSEND = YES;
				GCC_C_LANGUAGE_STANDARD = gnu11;
				GCC_NO_COMMON_BLOCKS = YES;
				GCC_WARN_64_TO_32_BIT_CONVERSION = YES;
				GCC_WARN_ABOUT_RETURN_TYPE = YES_ERROR;
				GCC_WARN_UNDECLARED_SELECTOR = YES;
				GCC_WARN_UNINITIALIZED_AUTOS = YES_AGGRESSIVE;
				GCC_WARN_UNUSED_FUNCTION = YES;
				GCC_WARN_UNUSED_VARIABLE = YES;
				IPHONEOS_DEPLOYMENT_TARGET = 11.3;
				MTL_ENABLE_DEBUG_INFO = NO;
				SDKROOT = iphoneos;
				VALIDATE_PRODUCT = YES;
			};
			name = Release;
		};
		5879DBB320A1916E009E90CE /* Debug */ = {
			isa = XCBuildConfiguration;
			buildSettings = {
				ASSETCATALOG_COMPILER_APPICON_NAME = AppIcon;
				CODE_SIGN_STYLE = Automatic;
				DEVELOPMENT_TEAM = Z4X5U6ZY7Y;
				INFOPLIST_FILE = LVShotScreenDemo/Info.plist;
				IPHONEOS_DEPLOYMENT_TARGET = 9.0;
				LD_RUNPATH_SEARCH_PATHS = (
					"$(inherited)",
					"@executable_path/Frameworks",
				);
				PRODUCT_BUNDLE_IDENTIFIER = com.sly.LVShotScreenDemo;
				PRODUCT_NAME = "$(TARGET_NAME)";
				TARGETED_DEVICE_FAMILY = "1,2";
			};
			name = Debug;
		};
		5879DBB420A1916E009E90CE /* Release */ = {
			isa = XCBuildConfiguration;
			buildSettings = {
				ASSETCATALOG_COMPILER_APPICON_NAME = AppIcon;
				CODE_SIGN_STYLE = Automatic;
				DEVELOPMENT_TEAM = Z4X5U6ZY7Y;
				INFOPLIST_FILE = LVShotScreenDemo/Info.plist;
				IPHONEOS_DEPLOYMENT_TARGET = 9.0;
				LD_RUNPATH_SEARCH_PATHS = (
					"$(inherited)",
					"@executable_path/Frameworks",
				);
				PRODUCT_BUNDLE_IDENTIFIER = com.sly.LVShotScreenDemo;
				PRODUCT_NAME = "$(TARGET_NAME)";
				TARGETED_DEVICE_FAMILY = "1,2";
			};
			name = Release;
		};
/* End XCBuildConfiguration section */

/* Begin XCConfigurationList section */
		5879DB9720A1916E009E90CE /* Build configuration list for PBXProject "LVShotScreenDemo" */ = {
			isa = XCConfigurationList;
			buildConfigurations = (
				5879DBB020A1916E009E90CE /* Debug */,
				5879DBB120A1916E009E90CE /* Release */,
			);
			defaultConfigurationIsVisible = 0;
			defaultConfigurationName = Release;
		};
		5879DBB220A1916E009E90CE /* Build configuration list for PBXNativeTarget "LVShotScreenDemo" */ = {
			isa = XCConfigurationList;
			buildConfigurations = (
				5879DBB320A1916E009E90CE /* Debug */,
				5879DBB420A1916E009E90CE /* Release */,
			);
			defaultConfigurationIsVisible = 0;
			defaultConfigurationName = Release;
		};
/* End XCConfigurationList section */
	};
	rootObject = 5879DB9420A1916E009E90CE /* Project object */;
}
